
Microsoft Visual Studio Solution File, Format Version 12.00
# Visual Studio 15
Project("{FAE04EC0-301F-11D3-BF4B-00C04F79EFBC}") = "Assembly-CSharp", "Assembly-CSharp.csproj", "{87772E50-040C-D5DB-4596-07EB4845B1C5}"
EndProject
Project("{FAE04EC0-301F-11D3-BF4B-00C04F79EFBC}") = "Assembly-CSharp-Editor", "Assembly-CSharp-Editor.csproj", "{8B92A8A2-9C88-3847-1E4B-6967DDD3CB5B}"
EndProject
Global
	GlobalSection(SolutionConfigurationPlatforms) = preSolution
		Debug|Any CPU = Debug|Any CPU
		Release|Any CPU = Release|Any CPU
	EndGlobalSection
	GlobalSection(ProjectConfigurationPlatforms) = postSolution
		{87772E50-040C-D5DB-4596-07EB4845B1C5}.Debug|Any CPU.ActiveCfg = Debug|Any CPU
		{87772E50-040C-D5DB-4596-07EB4845B1C5}.Debug|Any CPU.Build.0 = Debug|Any CPU
		{87772E50-040C-D5DB-4596-07EB4845B1C5}.Release|Any CPU.ActiveCfg = Release|Any CPU
		{87772E50-040C-D5DB-4596-07EB4845B1C5}.Release|Any CPU.Build.0 = Release|Any CPU
		{8B92A8A2-9C88-3847-1E4B-6967DDD3CB5B}.Debug|Any CPU.ActiveCfg = Debug|Any CPU
		{8B92A8A2-9C88-3847-1E4B-6967DDD3CB5B}.Debug|Any CPU.Build.0 = Debug|Any CPU
		{8B92A8A2-9C88-3847-1E4B-6967DDD3CB5B}.Release|Any CPU.ActiveCfg = Release|Any CPU
		{8B92A8A2-9C88-3847-1E4B-6967DDD3CB5B}.Release|Any CPU.Build.0 = Release|Any CPU
	EndGlobalSection
	GlobalSection(SolutionProperties) = preSolution
		HideSolutionNode = FALSE
	EndGlobalSection
EndGlobal
